// !$*UTF8*$!
{
	archiveVersion = 1;
	classes = {
	};
	objectVersion = 50;
	objects = {

/* Begin PBXBuildFile section */
		84043A8C25F6A1C300346170 /* DetaiViewController.swift in Sources */ = {isa = PBXBuildFile; fileRef = 84043A8B25F6A1C300346170 /* DetaiViewController.swift */; };
		84043A9125F6C96300346170 /* ModalViewController.swift in Sources */ = {isa = PBXBuildFile; fileRef = 84043A9025F6C96300346170 /* ModalViewController.swift */; };
		84043A9925F6D03500346170 /* MapViewController.swift in Sources */ = {isa = PBXBuildFile; fileRef = 84043A9825F6D03500346170 /* MapViewController.swift */; };
		84BB5E7725F653D700AE8CA2 /* AppDelegate.swift in Sources */ = {isa = PBXBuildFile; fileRef = 84BB5E7625F653D700AE8CA2 /* AppDelegate.swift */; };
		84BB5E7925F653D700AE8CA2 /* SceneDelegate.swift in Sources */ = {isa = PBXBuildFile; fileRef = 84BB5E7825F653D700AE8CA2 /* SceneDelegate.swift */; };
		84BB5E7B25F653D700AE8CA2 /* MainViewController.swift in Sources */ = {isa = PBXBuildFile; fileRef = 84BB5E7A25F653D700AE8CA2 /* MainViewController.swift */; };
		84BB5E7E25F653D700AE8CA2 /* Main.storyboard in Resources */ = {isa = PBXBuildFile; fileRef = 84BB5E7C25F653D700AE8CA2 /* Main.storyboard */; };
		84BB5E8025F653D800AE8CA2 /* Assets.xcassets in Resources */ = {isa = PBXBuildFile; fileRef = 84BB5E7F25F653D800AE8CA2 /* Assets.xcassets */; };
		84BB5E8325F653D800AE8CA2 /* LaunchScreen.storyboard in Resources */ = {isa = PBXBuildFile; fileRef = 84BB5E8125F653D800AE8CA2 /* LaunchScreen.storyboard */; };
		84BB5E8E25F653D800AE8CA2 /* MainPracticeTests.swift in Sources */ = {isa = PBXBuildFile; fileRef = 84BB5E8D25F653D800AE8CA2 /* MainPracticeTests.swift */; };
		84BB5E9925F653D800AE8CA2 /* MainPracticeUITests.swift in Sources */ = {isa = PBXBuildFile; fileRef = 84BB5E9825F653D800AE8CA2 /* MainPracticeUITests.swift */; };
		84BB5EAD25F6566600AE8CA2 /* NavViewController.swift in Sources */ = {isa = PBXBuildFile; fileRef = 84BB5EAC25F6566600AE8CA2 /* NavViewController.swift */; };
		84BB5EB525F658AA00AE8CA2 /* TableViewController.swift in Sources */ = {isa = PBXBuildFile; fileRef = 84BB5EB425F658AA00AE8CA2 /* TableViewController.swift */; };
		84BB5EBD25F65BEE00AE8CA2 /* CollectionViewController.swift in Sources */ = {isa = PBXBuildFile; fileRef = 84BB5EBC25F65BEE00AE8CA2 /* CollectionViewController.swift */; };
/* End PBXBuildFile section */

/* Begin PBXContainerItemProxy section */
		84BB5E8A25F653D800AE8CA2 /* PBXContainerItemProxy */ = {
			isa = PBXContainerItemProxy;
			containerPortal = 84BB5E6B25F653D700AE8CA2 /* Project object */;
			proxyType = 1;
			remoteGlobalIDString = 84BB5E7225F653D700AE8CA2;
			remoteInfo = MainPractice;
		};
		84BB5E9525F653D800AE8CA2 /* PBXContainerItemProxy */ = {
			isa = PBXContainerItemProxy;
			containerPortal = 84BB5E6B25F653D700AE8CA2 /* Project object */;
			proxyType = 1;
			remoteGlobalIDString = 84BB5E7225F653D700AE8CA2;
			remoteInfo = MainPractice;
		};
/* End PBXContainerItemProxy section */

/* Begin PBXFileReference section */
		84043A8B25F6A1C300346170 /* DetaiViewController.swift */ = {isa = PBXFileReference; lastKnownFileType = sourcecode.swift; path = DetaiViewController.swift; sourceTree = "<group>"; };
		84043A9025F6C96300346170 /* ModalViewController.swift */ = {isa = PBXFileReference; lastKnownFileType = sourcecode.swift; path = ModalViewController.swift; sourceTree = "<group>"; };
		84043A9825F6D03500346170 /* MapViewController.swift */ = {isa = PBXFileReference; lastKnownFileType = sourcecode.swift; path = MapViewController.swift; sourceTree = "<group>"; };
		84BB5E7325F653D700AE8CA2 /* MainPractice.app */ = {isa = PBXFileReference; explicitFileType = wrapper.application; includeInIndex = 0; path = MainPractice.app; sourceTree = BUILT_PRODUCTS_DIR; };
		84BB5E7625F653D700AE8CA2 /* AppDelegate.swift */ = {isa = PBXFileReference; lastKnownFileType = sourcecode.swift; path = AppDelegate.swift; sourceTree = "<group>"; };
		84BB5E7825F653D700AE8CA2 /* SceneDelegate.swift */ = {isa = PBXFileReference; lastKnownFileType = sourcecode.swift; path = SceneDelegate.swift; sourceTree = "<group>"; };
		84BB5E7A25F653D700AE8CA2 /* MainViewController.swift */ = {isa = PBXFileReference; lastKnownFileType = sourcecode.swift; path = MainViewController.swift; sourceTree = "<group>"; };
		84BB5E7D25F653D700AE8CA2 /* Base */ = {isa = PBXFileReference; lastKnownFileType = file.storyboard; name = Base; path = Base.lproj/Main.storyboard; sourceTree = "<group>"; };
		84BB5E7F25F653D800AE8CA2 /* Assets.xcassets */ = {isa = PBXFileReference; lastKnownFileType = folder.assetcatalog; path = Assets.xcassets; sourceTree = "<group>"; };
		84BB5E8225F653D800AE8CA2 /* Base */ = {isa = PBXFileReference; lastKnownFileType = file.storyboard; name = Base; path = Base.lproj/LaunchScreen.storyboard; sourceTree = "<group>"; };
		84BB5E8425F653D800AE8CA2 /* Info.plist */ = {isa = PBXFileReference; lastKnownFileType = text.plist.xml; path = Info.plist; sourceTree = "<group>"; };
		84BB5E8925F653D800AE8CA2 /* MainPracticeTests.xctest */ = {isa = PBXFileReference; explicitFileType = wrapper.cfbundle; includeInIndex = 0; path = MainPracticeTests.xctest; sourceTree = BUILT_PRODUCTS_DIR; };
		84BB5E8D25F653D800AE8CA2 /* MainPracticeTests.swift */ = {isa = PBXFileReference; lastKnownFileType = sourcecode.swift; path = MainPracticeTests.swift; sourceTree = "<group>"; };
		84BB5E8F25F653D800AE8CA2 /* Info.plist */ = {isa = PBXFileReference; lastKnownFileType = text.plist.xml; path = Info.plist; sourceTree = "<group>"; };
		84BB5E9425F653D800AE8CA2 /* MainPracticeUITests.xctest */ = {isa = PBXFileReference; explicitFileType = wrapper.cfbundle; includeInIndex = 0; path = MainPracticeUITests.xctest; sourceTree = BUILT_PRODUCTS_DIR; };
		84BB5E9825F653D800AE8CA2 /* MainPracticeUITests.swift */ = {isa = PBXFileReference; lastKnownFileType = sourcecode.swift; path = MainPracticeUITests.swift; sourceTree = "<group>"; };
		84BB5E9A25F653D800AE8CA2 /* Info.plist */ = {isa = PBXFileReference; lastKnownFileType = text.plist.xml; path = Info.plist; sourceTree = "<group>"; };
		84BB5EAC25F6566600AE8CA2 /* NavViewController.swift */ = {isa = PBXFileReference; lastKnownFileType = sourcecode.swift; path = NavViewController.swift; sourceTree = "<group>"; };
		84BB5EB425F658AA00AE8CA2 /* TableViewController.swift */ = {isa = PBXFileReference; lastKnownFileType = sourcecode.swift; path = TableViewController.swift; sourceTree = "<group>"; };
		84BB5EBC25F65BEE00AE8CA2 /* CollectionViewController.swift */ = {isa = PBXFileReference; lastKnownFileType = sourcecode.swift; path = CollectionViewController.swift; sourceTree = "<group>"; };
/* End PBXFileReference section */

/* Begin PBXFrameworksBuildPhase section */
		84BB5E7025F653D700AE8CA2 /* Frameworks */ = {
			isa = PBXFrameworksBuildPhase;
			buildActionMask = 2147483647;
			files = (
			);
			runOnlyForDeploymentPostprocessing = 0;
		};
		84BB5E8625F653D800AE8CA2 /* Frameworks */ = {
			isa = PBXFrameworksBuildPhase;
			buildActionMask = 2147483647;
			files = (
			);
			runOnlyForDeploymentPostprocessing = 0;
		};
		84BB5E9125F653D800AE8CA2 /* Frameworks */ = {
			isa = PBXFrameworksBuildPhase;
			buildActionMask = 2147483647;
			files = (
			);
			runOnlyForDeploymentPostprocessing = 0;
		};
/* End PBXFrameworksBuildPhase section */

/* Begin PBXGroup section */
		84BB5E6A25F653D700AE8CA2 = {
			isa = PBXGroup;
			children = (
				84BB5E7525F653D700AE8CA2 /* MainPractice */,
				84BB5E8C25F653D800AE8CA2 /* MainPracticeTests */,
				84BB5E9725F653D800AE8CA2 /* MainPracticeUITests */,
				84BB5E7425F653D700AE8CA2 /* Products */,
			);
			sourceTree = "<group>";
		};
		84BB5E7425F653D700AE8CA2 /* Products */ = {
			isa = PBXGroup;
			children = (
				84BB5E7325F653D700AE8CA2 /* MainPractice.app */,
				84BB5E8925F653D800AE8CA2 /* MainPracticeTests.xctest */,
				84BB5E9425F653D800AE8CA2 /* MainPracticeUITests.xctest */,
			);
			name = Products;
			sourceTree = "<group>";
		};
		84BB5E7525F653D700AE8CA2 /* MainPractice */ = {
			isa = PBXGroup;
			children = (
				84BB5E7625F653D700AE8CA2 /* AppDelegate.swift */,
				84BB5E7825F653D700AE8CA2 /* SceneDelegate.swift */,
				84BB5E7A25F653D700AE8CA2 /* MainViewController.swift */,
				84BB5EAC25F6566600AE8CA2 /* NavViewController.swift */,
				84BB5EBC25F65BEE00AE8CA2 /* CollectionViewController.swift */,
				84043A8B25F6A1C300346170 /* DetaiViewController.swift */,
				84043A9025F6C96300346170 /* ModalViewController.swift */,
				84043A9825F6D03500346170 /* MapViewController.swift */,
				84BB5EB425F658AA00AE8CA2 /* TableViewController.swift */,
				84BB5E7C25F653D700AE8CA2 /* Main.storyboard */,
				84BB5E7F25F653D800AE8CA2 /* Assets.xcassets */,
				84BB5E8125F653D800AE8CA2 /* LaunchScreen.storyboard */,
				84BB5E8425F653D800AE8CA2 /* Info.plist */,
			);
			path = MainPractice;
			sourceTree = "<group>";
		};
		84BB5E8C25F653D800AE8CA2 /* MainPracticeTests */ = {
			isa = PBXGroup;
			children = (
				84BB5E8D25F653D800AE8CA2 /* MainPracticeTests.swift */,
				84BB5E8F25F653D800AE8CA2 /* Info.plist */,
			);
			path = MainPracticeTests;
			sourceTree = "<group>";
		};
		84BB5E9725F653D800AE8CA2 /* MainPracticeUITests */ = {
			isa = PBXGroup;
			children = (
				84BB5E9825F653D800AE8CA2 /* MainPracticeUITests.swift */,
				84BB5E9A25F653D800AE8CA2 /* Info.plist */,
			);
			path = MainPracticeUITests;
			sourceTree = "<group>";
		};
/* End PBXGroup section */

/* Begin PBXNativeTarget section */
		84BB5E7225F653D700AE8CA2 /* MainPractice */ = {
			isa = PBXNativeTarget;
			buildConfigurationList = 84BB5E9D25F653D800AE8CA2 /* Build configuration list for PBXNativeTarget "MainPractice" */;
			buildPhases = (
				84BB5E6F25F653D700AE8CA2 /* Sources */,
				84BB5E7025F653D700AE8CA2 /* Frameworks */,
				84BB5E7125F653D700AE8CA2 /* Resources */,
			);
			buildRules = (
			);
			dependencies = (
			);
			name = MainPractice;
			productName = MainPractice;
			productReference = 84BB5E7325F653D700AE8CA2 /* MainPractice.app */;
			productType = "com.apple.product-type.application";
		};
		84BB5E8825F653D800AE8CA2 /* MainPracticeTests */ = {
			isa = PBXNativeTarget;
			buildConfigurationList = 84BB5EA025F653D800AE8CA2 /* Build configuration list for PBXNativeTarget "MainPracticeTests" */;
			buildPhases = (
				84BB5E8525F653D800AE8CA2 /* Sources */,
				84BB5E8625F653D800AE8CA2 /* Frameworks */,
				84BB5E8725F653D800AE8CA2 /* Resources */,
			);
			buildRules = (
			);
			dependencies = (
				84BB5E8B25F653D800AE8CA2 /* PBXTargetDependency */,
			);
			name = MainPracticeTests;
			productName = MainPracticeTests;
			productReference = 84BB5E8925F653D800AE8CA2 /* MainPracticeTests.xctest */;
			productType = "com.apple.product-type.bundle.unit-test";
		};
		84BB5E9325F653D800AE8CA2 /* MainPracticeUITests */ = {
			isa = PBXNativeTarget;
			buildConfigurationList = 84BB5EA325F653D800AE8CA2 /* Build configuration list for PBXNativeTarget "MainPracticeUITests" */;
			buildPhases = (
				84BB5E9025F653D800AE8CA2 /* Sources */,
				84BB5E9125F653D800AE8CA2 /* Frameworks */,
				84BB5E9225F653D800AE8CA2 /* Resources */,
			);
			buildRules = (
			);
			dependencies = (
				84BB5E9625F653D800AE8CA2 /* PBXTargetDependency */,
			);
			name = MainPracticeUITests;
			productName = MainPracticeUITests;
			productReference = 84BB5E9425F653D800AE8CA2 /* MainPracticeUITests.xctest */;
			productType = "com.apple.product-type.bundle.ui-testing";
		};
/* End PBXNativeTarget section */

/* Begin PBXProject section */
		84BB5E6B25F653D700AE8CA2 /* Project object */ = {
			isa = PBXProject;
			attributes = {
				LastSwiftUpdateCheck = 1240;
				LastUpgradeCheck = 1240;
				TargetAttributes = {
					84BB5E7225F653D700AE8CA2 = {
						CreatedOnToolsVersion = 12.4;
					};
					84BB5E8825F653D800AE8CA2 = {
						CreatedOnToolsVersion = 12.4;
						TestTargetID = 84BB5E7225F653D700AE8CA2;
					};
					84BB5E9325F653D800AE8CA2 = {
						CreatedOnToolsVersion = 12.4;
						TestTargetID = 84BB5E7225F653D700AE8CA2;
					};
				};
			};
			buildConfigurationList = 84BB5E6E25F653D700AE8CA2 /* Build configuration list for PBXProject "MainPractice" */;
			compatibilityVersion = "Xcode 9.3";
			developmentRegion = en;
			hasScannedForEncodings = 0;
			knownRegions = (
				en,
				Base,
			);
			mainGroup = 84BB5E6A25F653D700AE8CA2;
			productRefGroup = 84BB5E7425F653D700AE8CA2 /* Products */;
			projectDirPath = "";
			projectRoot = "";
			targets = (
				84BB5E7225F653D700AE8CA2 /* MainPractice */,
				84BB5E8825F653D800AE8CA2 /* MainPracticeTests */,
				84BB5E9325F653D800AE8CA2 /* MainPracticeUITests */,
			);
		};
/* End PBXProject section */

/* Begin PBXResourcesBuildPhase section */
		84BB5E7125F653D700AE8CA2 /* Resources */ = {
			isa = PBXResourcesBuildPhase;
			buildActionMask = 2147483647;
			files = (
				84BB5E8325F653D800AE8CA2 /* LaunchScreen.storyboard in Resources */,
				84BB5E8025F653D800AE8CA2 /* Assets.xcassets in Resources */,
				84BB5E7E25F653D700AE8CA2 /* Main.storyboard in Resources */,
			);
			runOnlyForDeploymentPostprocessing = 0;
		};
		84BB5E8725F653D800AE8CA2 /* Resources */ = {
			isa = PBXResourcesBuildPhase;
			buildActionMask = 2147483647;
			files = (
			);
			runOnlyForDeploymentPostprocessing = 0;
		};
		84BB5E9225F653D800AE8CA2 /* Resources */ = {
			isa = PBXResourcesBuildPhase;
			buildActionMask = 2147483647;
			files = (
			);
			runOnlyForDeploymentPostprocessing = 0;
		};
/* End PBXResourcesBuildPhase section */

/* Begin PBXSourcesBuildPhase section */
		84BB5E6F25F653D700AE8CA2 /* Sources */ = {
			isa = PBXSourcesBuildPhase;
			buildActionMask = 2147483647;
			files = (
				84043A9125F6C96300346170 /* ModalViewController.swift in Sources */,
				84BB5EBD25F65BEE00AE8CA2 /* CollectionViewController.swift in Sources */,
				84BB5EAD25F6566600AE8CA2 /* NavViewController.swift in Sources */,
				84BB5E7B25F653D700AE8CA2 /* MainViewController.swift in Sources */,
				84043A9925F6D03500346170 /* MapViewController.swift in Sources */,
				84BB5E7725F653D700AE8CA2 /* AppDelegate.swift in Sources */,
				84BB5EB525F658AA00AE8CA2 /* TableViewController.swift in Sources */,
				84BB5E7925F653D700AE8CA2 /* SceneDelegate.swift in Sources */,
				84043A8C25F6A1C300346170 /* DetaiViewController.swift in Sources */,
			);
			runOnlyForDeploymentPostprocessing = 0;
		};
		84BB5E8525F653D800AE8CA2 /* Sources */ = {
			isa = PBXSourcesBuildPhase;
			buildActionMask = 2147483647;
			files = (
				84BB5E8E25F653D800AE8CA2 /* MainPracticeTests.swift in Sources */,
			);
			runOnlyForDeploymentPostprocessing = 0;
		};
		84BB5E9025F653D800AE8CA2 /* Sources */ = {
			isa = PBXSourcesBuildPhase;
			buildActionMask = 2147483647;
			files = (
				84BB5E9925F653D800AE8CA2 /* MainPracticeUITests.swift in Sources */,
			);
			runOnlyForDeploymentPostprocessing = 0;
		};
/* End PBXSourcesBuildPhase section */

/* Begin PBXTargetDependency section */
		84BB5E8B25F653D800AE8CA2 /* PBXTargetDependency */ = {
			isa = PBXTargetDependency;
			target = 84BB5E7225F653D700AE8CA2 /* MainPractice */;
			targetProxy = 84BB5E8A25F653D800AE8CA2 /* PBXContainerItemProxy */;
		};
		84BB5E9625F653D800AE8CA2 /* PBXTargetDependency */ = {
			isa = PBXTargetDependency;
			target = 84BB5E7225F653D700AE8CA2 /* MainPractice */;
			targetProxy = 84BB5E9525F653D800AE8CA2 /* PBXContainerItemProxy */;
		};
/* End PBXTargetDependency section */

/* Begin PBXVariantGroup section */
		84BB5E7C25F653D700AE8CA2 /* Main.storyboard */ = {
			isa = PBXVariantGroup;
			children = (
				84BB5E7D25F653D700AE8CA2 /* Base */,
			);
			name = Main.storyboard;
			sourceTree = "<group>";
		};
		84BB5E8125F653D800AE8CA2 /* LaunchScreen.storyboard */ = {
			isa = PBXVariantGroup;
			children = (
				84BB5E8225F653D800AE8CA2 /* Base */,
			);
			name = LaunchScreen.storyboard;
			sourceTree = "<group>";
		};
/* End PBXVariantGroup section */

/* Begin XCBuildConfiguration section */
		84BB5E9B25F653D800AE8CA2 /* Debug */ = {
			isa = XCBuildConfiguration;
			buildSettings = {
				ALWAYS_SEARCH_USER_PATHS = NO;
				CLANG_ANALYZER_NONNULL = YES;
				CLANG_ANALYZER_NUMBER_OBJECT_CONVERSION = YES_AGGRESSIVE;
				CLANG_CXX_LANGUAGE_STANDARD = "gnu++14";
				CLANG_CXX_LIBRARY = "libc++";
				CLANG_ENABLE_MODULES = YES;
				CLANG_ENABLE_OBJC_ARC = YES;
				CLANG_ENABLE_OBJC_WEAK = YES;
				CLANG_WARN_BLOCK_CAPTURE_AUTORELEASING = YES;
				CLANG_WARN_BOOL_CONVERSION = YES;
				CLANG_WARN_COMMA = YES;
				CLANG_WARN_CONSTANT_CONVERSION = YES;
				CLANG_WARN_DEPRECATED_OBJC_IMPLEMENTATIONS = YES;
				CLANG_WARN_DIRECT_OBJC_ISA_USAGE = YES_ERROR;
				CLANG_WARN_DOCUMENTATION_COMMENTS = YES;
				CLANG_WARN_EMPTY_BODY = YES;
				CLANG_WARN_ENUM_CONVERSION = YES;
				CLANG_WARN_INFINITE_RECURSION = YES;
				CLANG_WARN_INT_CONVERSION = YES;
				CLANG_WARN_NON_LITERAL_NULL_CONVERSION = YES;
				CLANG_WARN_OBJC_IMPLICIT_RETAIN_SELF = YES;
				CLANG_WARN_OBJC_LITERAL_CONVERSION = YES;
				CLANG_WARN_OBJC_ROOT_CLASS = YES_ERROR;
				CLANG_WARN_QUOTED_INCLUDE_IN_FRAMEWORK_HEADER = YES;
				CLANG_WARN_RANGE_LOOP_ANALYSIS = YES;
				CLANG_WARN_STRICT_PROTOTYPES = YES;
				CLANG_WARN_SUSPICIOUS_MOVE = YES;
				CLANG_WARN_UNGUARDED_AVAILABILITY = YES_AGGRESSIVE;
				CLANG_WARN_UNREACHABLE_CODE = YES;
				CLANG_WARN__DUPLICATE_METHOD_MATCH = YES;
				COPY_PHASE_STRIP = NO;
				DEBUG_INFORMATION_FORMAT = dwarf;
				ENABLE_STRICT_OBJC_MSGSEND = YES;
				ENABLE_TESTABILITY = YES;
				GCC_C_LANGUAGE_STANDARD = gnu11;
				GCC_DYNAMIC_NO_PIC = NO;
				GCC_NO_COMMON_BLOCKS = YES;
				GCC_OPTIMIZATION_LEVEL = 0;
				GCC_PREPROCESSOR_DEFINITIONS = (
					"DEBUG=1",
					"$(inherited)",
				);
				GCC_WARN_64_TO_32_BIT_CONVERSION = YES;
				GCC_WARN_ABOUT_RETURN_TYPE = YES_ERROR;
				GCC_WARN_UNDECLARED_SELECTOR = YES;
				GCC_WARN_UNINITIALIZED_AUTOS = YES_AGGRESSIVE;
				GCC_WARN_UNUSED_FUNCTION = YES;
				GCC_WARN_UNUSED_VARIABLE = YES;
				IPHONEOS_DEPLOYMENT_TARGET = 14.4;
				MTL_ENABLE_DEBUG_INFO = INCLUDE_SOURCE;
				MTL_FAST_MATH = YES;
				ONLY_ACTIVE_ARCH = YES;
				SDKROOT = iphoneos;
				SWIFT_ACTIVE_COMPILATION_CONDITIONS = DEBUG;
				SWIFT_OPTIMIZATION_LEVEL = "-Onone";
			};
			name = Debug;
		};
		84BB5E9C25F653D800AE8CA2 /* Release */ = {
			isa = XCBuildConfiguration;
			buildSettings = {
				ALWAYS_SEARCH_USER_PATHS = NO;
				CLANG_ANALYZER_NONNULL = YES;
				CLANG_ANALYZER_NUMBER_OBJECT_CONVERSION = YES_AGGRESSIVE;
				CLANG_CXX_LANGUAGE_STANDARD = "gnu++14";
				CLANG_CXX_LIBRARY = "libc++";
				CLANG_ENABLE_MODULES = YES;
				CLANG_ENABLE_OBJC_ARC = YES;
				CLANG_ENABLE_OBJC_WEAK = YES;
				CLANG_WARN_BLOCK_CAPTURE_AUTORELEASING = YES;
				CLANG_WARN_BOOL_CONVERSION = YES;
				CLANG_WARN_COMMA = YES;
				CLANG_WARN_CONSTANT_CONVERSION = YES;
				CLANG_WARN_DEPRECATED_OBJC_IMPLEMENTATIONS = YES;
				CLANG_WARN_DIRECT_OBJC_ISA_USAGE = YES_ERROR;
				CLANG_WARN_DOCUMENTATION_COMMENTS = YES;
				CLANG_WARN_EMPTY_BODY = YES;
				CLANG_WARN_ENUM_CONVERSION = YES;
				CLANG_WARN_INFINITE_RECURSION = YES;
				CLANG_WARN_INT_CONVERSION = YES;
				CLANG_WARN_NON_LITERAL_NULL_CONVERSION = YES;
				CLANG_WARN_OBJC_IMPLICIT_RETAIN_SELF = YES;
				CLANG_WARN_OBJC_LITERAL_CONVERSION = YES;
				CLANG_WARN_OBJC_ROOT_CLASS = YES_ERROR;
				CLANG_WARN_QUOTED_INCLUDE_IN_FRAMEWORK_HEADER = YES;
				CLANG_WARN_RANGE_LOOP_ANALYSIS = YES;
				CLANG_WARN_STRICT_PROTOTYPES = YES;
				CLANG_WARN_SUSPICIOUS_MOVE = YES;
				CLANG_WARN_UNGUARDED_AVAILABILITY = YES_AGGRESSIVE;
				CLANG_WARN_UNREACHABLE_CODE = YES;
				CLANG_WARN__DUPLICATE_METHOD_MATCH = YES;
				COPY_PHASE_STRIP = NO;
				DEBUG_INFORMATION_FORMAT = "dwarf-with-dsym";
				ENABLE_NS_ASSERTIONS = NO;
				ENABLE_STRICT_OBJC_MSGSEND = YES;
				GCC_C_LANGUAGE_STANDARD = gnu11;
				GCC_NO_COMMON_BLOCKS = YES;
				GCC_WARN_64_TO_32_BIT_CONVERSION = YES;
				GCC_WARN_ABOUT_RETURN_TYPE = YES_ERROR;
				GCC_WARN_UNDECLARED_SELECTOR = YES;
				GCC_WARN_UNINITIALIZED_AUTOS = YES_AGGRESSIVE;
				GCC_WARN_UNUSED_FUNCTION = YES;
				GCC_WARN_UNUSED_VARIABLE = YES;
				IPHONEOS_DEPLOYMENT_TARGET = 14.4;
				MTL_ENABLE_DEBUG_INFO = NO;
				MTL_FAST_MATH = YES;
				SDKROOT = iphoneos;
				SWIFT_COMPILATION_MODE = wholemodule;
				SWIFT_OPTIMIZATION_LEVEL = "-O";
				VALIDATE_PRODUCT = YES;
			};
			name = Release;
		};
		84BB5E9E25F653D800AE8CA2 /* Debug */ = {
			isa = XCBuildConfiguration;
			buildSettings = {
				ASSETCATALOG_COMPILER_APPICON_NAME = AppIcon;
				ASSETCATALOG_COMPILER_GLOBAL_ACCENT_COLOR_NAME = AccentColor;
				CODE_SIGN_STYLE = Automatic;
				DEVELOPMENT_TEAM = F2UL9YEFUY;
				INFOPLIST_FILE = MainPractice/Info.plist;
				LD_RUNPATH_SEARCH_PATHS = (
					"$(inherited)",
					"@executable_path/Frameworks",
				);
				PRODUCT_BUNDLE_IDENTIFIER = com.mercersoftware.MainPractice;
				PRODUCT_NAME = "$(TARGET_NAME)";
				SWIFT_VERSION = 5.0;
				TARGETED_DEVICE_FAMILY = "1,2";
			};
			name = Debug;
		};
		84BB5E9F25F653D800AE8CA2 /* Release */ = {
			isa = XCBuildConfiguration;
			buildSettings = {
				ASSETCATALOG_COMPILER_APPICON_NAME = AppIcon;
				ASSETCATALOG_COMPILER_GLOBAL_ACCENT_COLOR_NAME = AccentColor;
				CODE_SIGN_STYLE = Automatic;
				DEVELOPMENT_TEAM = F2UL9YEFUY;
				INFOPLIST_FILE = MainPractice/Info.plist;
				LD_RUNPATH_SEARCH_PATHS = (
					"$(inherited)",
					"@executable_path/Frameworks",
				);
				PRODUCT_BUNDLE_IDENTIFIER = com.mercersoftware.MainPractice;
				PRODUCT_NAME = "$(TARGET_NAME)";
				SWIFT_VERSION = 5.0;
				TARGETED_DEVICE_FAMILY = "1,2";
			};
			name = Release;
		};
		84BB5EA125F653D800AE8CA2 /* Debug */ = {
			isa = XCBuildConfiguration;
			buildSettings = {
				ALWAYS_EMBED_SWIFT_STANDARD_LIBRARIES = YES;
				BUNDLE_LOADER = "$(TEST_HOST)";
				CODE_SIGN_STYLE = Automatic;
				DEVELOPMENT_TEAM = F2UL9YEFUY;
				INFOPLIST_FILE = MainPracticeTests/Info.plist;
				IPHONEOS_DEPLOYMENT_TARGET = 14.4;
				LD_RUNPATH_SEARCH_PATHS = (
					"$(inherited)",
					"@executable_path/Frameworks",
					"@loader_path/Frameworks",
				);
				PRODUCT_BUNDLE_IDENTIFIER = com.mercersoftware.MainPracticeTests;
				PRODUCT_NAME = "$(TARGET_NAME)";
				SWIFT_VERSION = 5.0;
				TARGETED_DEVICE_FAMILY = "1,2";
				TEST_HOST = "$(BUILT_PRODUCTS_DIR)/MainPractice.app/MainPractice";
			};
			name = Debug;
		};
		84BB5EA225F653D800AE8CA2 /* Release */ = {
			isa = XCBuildConfiguration;
			buildSettings = {
				ALWAYS_EMBED_SWIFT_STANDARD_LIBRARIES = YES;
				BUNDLE_LOADER = "$(TEST_HOST)";
				CODE_SIGN_STYLE = Automatic;
				DEVELOPMENT_TEAM = F2UL9YEFUY;
				INFOPLIST_FILE = MainPracticeTests/Info.plist;
				IPHONEOS_DEPLOYMENT_TARGET = 14.4;
				LD_RUNPATH_SEARCH_PATHS = (
					"$(inherited)",
					"@executable_path/Frameworks",
					"@loader_path/Frameworks",
				);
				PRODUCT_BUNDLE_IDENTIFIER = com.mercersoftware.MainPracticeTests;
				PRODUCT_NAME = "$(TARGET_NAME)";
				SWIFT_VERSION = 5.0;
				TARGETED_DEVICE_FAMILY = "1,2";
				TEST_HOST = "$(BUILT_PRODUCTS_DIR)/MainPractice.app/MainPractice";
			};
			name = Release;
		};
		84BB5EA425F653D800AE8CA2 /* Debug */ = {
			isa = XCBuildConfiguration;
			buildSettings = {
				ALWAYS_EMBED_SWIFT_STANDARD_LIBRARIES = YES;
				CODE_SIGN_STYLE = Automatic;
				DEVELOPMENT_TEAM = F2UL9YEFUY;
				INFOPLIST_FILE = MainPracticeUITests/Info.plist;
				LD_RUNPATH_SEARCH_PATHS = (
					"$(inherited)",
					"@executable_path/Frameworks",
					"@loader_path/Frameworks",
				);
				PRODUCT_BUNDLE_IDENTIFIER = com.mercersoftware.MainPracticeUITests;
				PRODUCT_NAME = "$(TARGET_NAME)";
				SWIFT_VERSION = 5.0;
				TARGETED_DEVICE_FAMILY = "1,2";
				TEST_TARGET_NAME = MainPractice;
			};
			name = Debug;
		};
		84BB5EA525F653D800AE8CA2 /* Release */ = {
			isa = XCBuildConfiguration;
			buildSettings = {
				ALWAYS_EMBED_SWIFT_STANDARD_LIBRARIES = YES;
				CODE_SIGN_STYLE = Automatic;
				DEVELOPMENT_TEAM = F2UL9YEFUY;
				INFOPLIST_FILE = MainPracticeUITests/Info.plist;
				LD_RUNPATH_SEARCH_PATHS = (
					"$(inherited)",
					"@executable_path/Frameworks",
					"@loader_path/Frameworks",
				);
				PRODUCT_BUNDLE_IDENTIFIER = com.mercersoftware.MainPracticeUITests;
				PRODUCT_NAME = "$(TARGET_NAME)";
				SWIFT_VERSION = 5.0;
				TARGETED_DEVICE_FAMILY = "1,2";
				TEST_TARGET_NAME = MainPractice;
			};
			name = Release;
		};
/* End XCBuildConfiguration section */

/* Begin XCConfigurationList section */
		84BB5E6E25F653D700AE8CA2 /* Build configuration list for PBXProject "MainPractice" */ = {
			isa = XCConfigurationList;
			buildConfigurations = (
				84BB5E9B25F653D800AE8CA2 /* Debug */,
				84BB5E9C25F653D800AE8CA2 /* Release */,
			);
			defaultConfigurationIsVisible = 0;
			defaultConfigurationName = Release;
		};
		84BB5E9D25F653D800AE8CA2 /* Build configuration list for PBXNativeTarget "MainPractice" */ = {
			isa = XCConfigurationList;
			buildConfigurations = (
				84BB5E9E25F653D800AE8CA2 /* Debug */,
				84BB5E9F25F653D800AE8CA2 /* Release */,
			);
			defaultConfigurationIsVisible = 0;
			defaultConfigurationName = Release;
		};
		84BB5EA025F653D800AE8CA2 /* Build configuration list for PBXNativeTarget "MainPracticeTests" */ = {
			isa = XCConfigurationList;
			buildConfigurations = (
				84BB5EA125F653D800AE8CA2 /* Debug */,
				84BB5EA225F653D800AE8CA2 /* Release */,
			);
			defaultConfigurationIsVisible = 0;
			defaultConfigurationName = Release;
		};
		84BB5EA325F653D800AE8CA2 /* Build configuration list for PBXNativeTarget "MainPracticeUITests" */ = {
			isa = XCConfigurationList;
			buildConfigurations = (
				84BB5EA425F653D800AE8CA2 /* Debug */,
				84BB5EA525F653D800AE8CA2 /* Release */,
			);
			defaultConfigurationIsVisible = 0;
			defaultConfigurationName = Release;
		};
/* End XCConfigurationList section */
	};
	rootObject = 84BB5E6B25F653D700AE8CA2 /* Project object */;
}
